
Microsoft Visual Studio Solution File, Format Version 12.00
# Visual Studio Version 17
VisualStudioVersion = 17.11.35327.3
MinimumVisualStudioVersion = 10.0.40219.1
Project("{FAE04EC0-301F-11D3-BF4B-00C04F79EFBC}") = "piskvorky", "piskvorky\piskvorky.csproj", "{51A657F1-68B6-4BE6-961F-4E1D46D85138}"
EndProject
Global
	GlobalSection(SolutionConfigurationPlatforms) = preSolution
		Debug|Any CPU = Debug|Any CPU
		Release|Any CPU = Release|Any CPU
	EndGlobalSection
	GlobalSection(ProjectConfigurationPlatforms) = postSolution
		{51A657F1-68B6-4BE6-961F-4E1D46D85138}.Debug|Any CPU.ActiveCfg = Debug|Any CPU
		{51A657F1-68B6-4BE6-961F-4E1D46D85138}.Debug|Any CPU.Build.0 = Debug|Any CPU
		{51A657F1-68B6-4BE6-961F-4E1D46D85138}.Release|Any CPU.ActiveCfg = Release|Any CPU
		{51A657F1-68B6-4BE6-961F-4E1D46D85138}.Release|Any CPU.Build.0 = Release|Any CPU
	EndGlobalSection
	GlobalSection(SolutionProperties) = preSolution
		HideSolutionNode = FALSE
	EndGlobalSection
	GlobalSection(ExtensibilityGlobals) = postSolution
		SolutionGuid = {458F20C1-BCA1-4DD7-81E4-E4B971FB1C8F}
	EndGlobalSection
EndGlobal
